
Microsoft Visual Studio Solution File, Format Version 12.00
# Visual Studio Version 17
VisualStudioVersion = 17.14.36121.58
MinimumVisualStudioVersion = 10.0.40219.1
Project("{FAE04EC0-301F-11D3-BF4B-00C04F79EFBC}") = "FinMeha.Domain", "FinMeha.Domain\FinMeha.Domain.csproj", "{7E0670D5-E1D9-4004-AC17-488F1E54D4B5}"
EndProject
Project("{FAE04EC0-301F-11D3-BF4B-00C04F79EFBC}") = "FinMeha.Application", "FinMeha.Application\FinMeha.Application.csproj", "{18D4358D-F273-4EF4-A5A7-DECCC90DB671}"
EndProject
Project("{FAE04EC0-301F-11D3-BF4B-00C04F79EFBC}") = "FinMeha.Infrastructure", "FinMeha.Infrastructure\FinMeha.Infrastructure.csproj", "{8134BB94-0631-46DA-BF9F-16A9C7D8B931}"
EndProject
Project("{FAE04EC0-301F-11D3-BF4B-00C04F79EFBC}") = "FinMeha.API", "FinMeha.API\FinMeha.API.csproj", "{EE96C8BB-3568-4483-9D09-960D9B513573}"
EndProject
Project("{2150E333-8FDC-42A3-9474-1A3956D46DE8}") = "Solution Items", "Solution Items", "{02EA681E-C7D8-13C7-8484-4AC65E1B71E8}"
EndProject
Global
	GlobalSection(SolutionConfigurationPlatforms) = preSolution
		Debug|Any CPU = Debug|Any CPU
		Release|Any CPU = Release|Any CPU
	EndGlobalSection
	GlobalSection(ProjectConfigurationPlatforms) = postSolution
		{7E0670D5-E1D9-4004-AC17-488F1E54D4B5}.Debug|Any CPU.ActiveCfg = Debug|Any CPU
		{7E0670D5-E1D9-4004-AC17-488F1E54D4B5}.Debug|Any CPU.Build.0 = Debug|Any CPU
		{7E0670D5-E1D9-4004-AC17-488F1E54D4B5}.Release|Any CPU.ActiveCfg = Release|Any CPU
		{7E0670D5-E1D9-4004-AC17-488F1E54D4B5}.Release|Any CPU.Build.0 = Release|Any CPU
		{18D4358D-F273-4EF4-A5A7-DECCC90DB671}.Debug|Any CPU.ActiveCfg = Debug|Any CPU
		{18D4358D-F273-4EF4-A5A7-DECCC90DB671}.Debug|Any CPU.Build.0 = Debug|Any CPU
		{18D4358D-F273-4EF4-A5A7-DECCC90DB671}.Release|Any CPU.ActiveCfg = Release|Any CPU
		{18D4358D-F273-4EF4-A5A7-DECCC90DB671}.Release|Any CPU.Build.0 = Release|Any CPU
		{8134BB94-0631-46DA-BF9F-16A9C7D8B931}.Debug|Any CPU.ActiveCfg = Debug|Any CPU
		{8134BB94-0631-46DA-BF9F-16A9C7D8B931}.Debug|Any CPU.Build.0 = Debug|Any CPU
		{8134BB94-0631-46DA-BF9F-16A9C7D8B931}.Release|Any CPU.ActiveCfg = Release|Any CPU
		{8134BB94-0631-46DA-BF9F-16A9C7D8B931}.Release|Any CPU.Build.0 = Release|Any CPU
		{EE96C8BB-3568-4483-9D09-960D9B513573}.Debug|Any CPU.ActiveCfg = Debug|Any CPU
		{EE96C8BB-3568-4483-9D09-960D9B513573}.Debug|Any CPU.Build.0 = Debug|Any CPU
		{EE96C8BB-3568-4483-9D09-960D9B513573}.Release|Any CPU.ActiveCfg = Release|Any CPU
		{EE96C8BB-3568-4483-9D09-960D9B513573}.Release|Any CPU.Build.0 = Release|Any CPU
	EndGlobalSection
	GlobalSection(SolutionProperties) = preSolution
		HideSolutionNode = FALSE
	EndGlobalSection
	GlobalSection(ExtensibilityGlobals) = postSolution
		SolutionGuid = {A455A797-1E8E-45DA-91BD-1161F974289C}
	EndGlobalSection
EndGlobal
